// !$*UTF8*$!
{
	archiveVersion = 1;
	classes = {
	};
	objectVersion = 55;
	objects = {

/* Begin PBXBuildFile section */
		B077AACB2958A92F00CF336F /* AppDelegate.swift in Sources */ = {isa = PBXBuildFile; fileRef = B077AACA2958A92F00CF336F /* AppDelegate.swift */; };
		B077AACF2958A92F00CF336F /* SplashViewController.swift in Sources */ = {isa = PBXBuildFile; fileRef = B077AACE2958A92F00CF336F /* SplashViewController.swift */; };
		B077AAD42958A93200CF336F /* Assets.xcassets in Resources */ = {isa = PBXBuildFile; fileRef = B077AAD32958A93200CF336F /* Assets.xcassets */; };
		B077AAD72958A93200CF336F /* LaunchScreen.storyboard in Resources */ = {isa = PBXBuildFile; fileRef = B077AAD52958A93200CF336F /* LaunchScreen.storyboard */; };
		B077AAE32958AD6100CF336F /* SplashView.swift in Sources */ = {isa = PBXBuildFile; fileRef = B077AAE22958AD6100CF336F /* SplashView.swift */; };
		B077AAE52958B7A500CF336F /* NoticesViewController.swift in Sources */ = {isa = PBXBuildFile; fileRef = B077AAE42958B7A500CF336F /* NoticesViewController.swift */; };
		B077AAE82958BB7500CF336F /* LocalState.swift in Sources */ = {isa = PBXBuildFile; fileRef = B077AAE72958BB7500CF336F /* LocalState.swift */; };
		B077AAEA2958C88700CF336F /* NoticesCell.swift in Sources */ = {isa = PBXBuildFile; fileRef = B077AAE92958C88700CF336F /* NoticesCell.swift */; };
		B077AAED295970C200CF336F /* NoteViewController.swift in Sources */ = {isa = PBXBuildFile; fileRef = B077AAEC295970C200CF336F /* NoteViewController.swift */; };
		B077AAEF295978FE00CF336F /* NoteView.swift in Sources */ = {isa = PBXBuildFile; fileRef = B077AAEE295978FE00CF336F /* NoteView.swift */; };
		B077AAF12959B5D900CF336F /* NoteModel.swift in Sources */ = {isa = PBXBuildFile; fileRef = B077AAF02959B5D900CF336F /* NoteModel.swift */; };
		B077AAF32959CA9B00CF336F /* NotesData.swift in Sources */ = {isa = PBXBuildFile; fileRef = B077AAF22959CA9B00CF336F /* NotesData.swift */; };
/* End PBXBuildFile section */

/* Begin PBXFileReference section */
		B077AAC72958A92F00CF336F /* NoticeAppRoadToDev.app */ = {isa = PBXFileReference; explicitFileType = wrapper.application; includeInIndex = 0; path = NoticeAppRoadToDev.app; sourceTree = BUILT_PRODUCTS_DIR; };
		B077AACA2958A92F00CF336F /* AppDelegate.swift */ = {isa = PBXFileReference; lastKnownFileType = sourcecode.swift; path = AppDelegate.swift; sourceTree = "<group>"; };
		B077AACE2958A92F00CF336F /* SplashViewController.swift */ = {isa = PBXFileReference; lastKnownFileType = sourcecode.swift; path = SplashViewController.swift; sourceTree = "<group>"; };
		B077AAD32958A93200CF336F /* Assets.xcassets */ = {isa = PBXFileReference; lastKnownFileType = folder.assetcatalog; path = Assets.xcassets; sourceTree = "<group>"; };
		B077AAD62958A93200CF336F /* Base */ = {isa = PBXFileReference; lastKnownFileType = file.storyboard; name = Base; path = Base.lproj/LaunchScreen.storyboard; sourceTree = "<group>"; };
		B077AAD82958A93200CF336F /* Info.plist */ = {isa = PBXFileReference; lastKnownFileType = text.plist.xml; path = Info.plist; sourceTree = "<group>"; };
		B077AAE22958AD6100CF336F /* SplashView.swift */ = {isa = PBXFileReference; lastKnownFileType = sourcecode.swift; path = SplashView.swift; sourceTree = "<group>"; };
		B077AAE42958B7A500CF336F /* NoticesViewController.swift */ = {isa = PBXFileReference; lastKnownFileType = sourcecode.swift; path = NoticesViewController.swift; sourceTree = "<group>"; };
		B077AAE72958BB7500CF336F /* LocalState.swift */ = {isa = PBXFileReference; lastKnownFileType = sourcecode.swift; path = LocalState.swift; sourceTree = "<group>"; };
		B077AAE92958C88700CF336F /* NoticesCell.swift */ = {isa = PBXFileReference; lastKnownFileType = sourcecode.swift; path = NoticesCell.swift; sourceTree = "<group>"; };
		B077AAEC295970C200CF336F /* NoteViewController.swift */ = {isa = PBXFileReference; lastKnownFileType = sourcecode.swift; path = NoteViewController.swift; sourceTree = "<group>"; };
		B077AAEE295978FE00CF336F /* NoteView.swift */ = {isa = PBXFileReference; lastKnownFileType = sourcecode.swift; path = NoteView.swift; sourceTree = "<group>"; };
		B077AAF02959B5D900CF336F /* NoteModel.swift */ = {isa = PBXFileReference; lastKnownFileType = sourcecode.swift; path = NoteModel.swift; sourceTree = "<group>"; };
		B077AAF22959CA9B00CF336F /* NotesData.swift */ = {isa = PBXFileReference; lastKnownFileType = sourcecode.swift; path = NotesData.swift; sourceTree = "<group>"; };
/* End PBXFileReference section */

/* Begin PBXFrameworksBuildPhase section */
		B077AAC42958A92F00CF336F /* Frameworks */ = {
			isa = PBXFrameworksBuildPhase;
			buildActionMask = 2147483647;
			files = (
			);
			runOnlyForDeploymentPostprocessing = 0;
		};
/* End PBXFrameworksBuildPhase section */

/* Begin PBXGroup section */
		B077AABE2958A92F00CF336F = {
			isa = PBXGroup;
			children = (
				B077AAC92958A92F00CF336F /* NoticeAppRoadToDev */,
				B077AAC82958A92F00CF336F /* Products */,
			);
			sourceTree = "<group>";
		};
		B077AAC82958A92F00CF336F /* Products */ = {
			isa = PBXGroup;
			children = (
				B077AAC72958A92F00CF336F /* NoticeAppRoadToDev.app */,
			);
			name = Products;
			sourceTree = "<group>";
		};
		B077AAC92958A92F00CF336F /* NoticeAppRoadToDev */ = {
			isa = PBXGroup;
			children = (
				B077AACA2958A92F00CF336F /* AppDelegate.swift */,
				B077AAE12958ACF900CF336F /* Splash */,
				B077AAE02958ACD900CF336F /* Notes */,
				B077AAEB2959708700CF336F /* Note */,
				B077AAE62958BB0D00CF336F /* Utils */,
				B077AADE2958AC9300CF336F /* Files */,
			);
			path = NoticeAppRoadToDev;
			sourceTree = "<group>";
		};
		B077AADE2958AC9300CF336F /* Files */ = {
			isa = PBXGroup;
			children = (
				B077AAD32958A93200CF336F /* Assets.xcassets */,
				B077AAD52958A93200CF336F /* LaunchScreen.storyboard */,
				B077AAD82958A93200CF336F /* Info.plist */,
			);
			name = Files;
			sourceTree = "<group>";
		};
		B077AAE02958ACD900CF336F /* Notes */ = {
			isa = PBXGroup;
			children = (
				B077AAE42958B7A500CF336F /* NoticesViewController.swift */,
				B077AAE92958C88700CF336F /* NoticesCell.swift */,
			);
			path = Notes;
			sourceTree = "<group>";
		};
		B077AAE12958ACF900CF336F /* Splash */ = {
			isa = PBXGroup;
			children = (
				B077AACE2958A92F00CF336F /* SplashViewController.swift */,
				B077AAE22958AD6100CF336F /* SplashView.swift */,
			);
			path = Splash;
			sourceTree = "<group>";
		};
		B077AAE62958BB0D00CF336F /* Utils */ = {
			isa = PBXGroup;
			children = (
				B077AAE72958BB7500CF336F /* LocalState.swift */,
				B077AAF22959CA9B00CF336F /* NotesData.swift */,
			);
			path = Utils;
			sourceTree = "<group>";
		};
		B077AAEB2959708700CF336F /* Note */ = {
			isa = PBXGroup;
			children = (
				B077AAEC295970C200CF336F /* NoteViewController.swift */,
				B077AAEE295978FE00CF336F /* NoteView.swift */,
				B077AAF02959B5D900CF336F /* NoteModel.swift */,
			);
			path = Note;
			sourceTree = "<group>";
		};
/* End PBXGroup section */

/* Begin PBXNativeTarget section */
		B077AAC62958A92F00CF336F /* NoticeAppRoadToDev */ = {
			isa = PBXNativeTarget;
			buildConfigurationList = B077AADB2958A93200CF336F /* Build configuration list for PBXNativeTarget "NoticeAppRoadToDev" */;
			buildPhases = (
				B077AAC32958A92F00CF336F /* Sources */,
				B077AAC42958A92F00CF336F /* Frameworks */,
				B077AAC52958A92F00CF336F /* Resources */,
			);
			buildRules = (
			);
			dependencies = (
			);
			name = NoticeAppRoadToDev;
			productName = NoticeAppRoadToDev;
			productReference = B077AAC72958A92F00CF336F /* NoticeAppRoadToDev.app */;
			productType = "com.apple.product-type.application";
		};
/* End PBXNativeTarget section */

/* Begin PBXProject section */
		B077AABF2958A92F00CF336F /* Project object */ = {
			isa = PBXProject;
			attributes = {
				BuildIndependentTargetsInParallel = 1;
				LastSwiftUpdateCheck = 1330;
				LastUpgradeCheck = 1330;
				TargetAttributes = {
					B077AAC62958A92F00CF336F = {
						CreatedOnToolsVersion = 13.3.1;
					};
				};
			};
			buildConfigurationList = B077AAC22958A92F00CF336F /* Build configuration list for PBXProject "NoticeAppRoadToDev" */;
			compatibilityVersion = "Xcode 13.0";
			developmentRegion = en;
			hasScannedForEncodings = 0;
			knownRegions = (
				en,
				Base,
			);
			mainGroup = B077AABE2958A92F00CF336F;
			productRefGroup = B077AAC82958A92F00CF336F /* Products */;
			projectDirPath = "";
			projectRoot = "";
			targets = (
				B077AAC62958A92F00CF336F /* NoticeAppRoadToDev */,
			);
		};
/* End PBXProject section */

/* Begin PBXResourcesBuildPhase section */
		B077AAC52958A92F00CF336F /* Resources */ = {
			isa = PBXResourcesBuildPhase;
			buildActionMask = 2147483647;
			files = (
				B077AAD72958A93200CF336F /* LaunchScreen.storyboard in Resources */,
				B077AAD42958A93200CF336F /* Assets.xcassets in Resources */,
			);
			runOnlyForDeploymentPostprocessing = 0;
		};
/* End PBXResourcesBuildPhase section */

/* Begin PBXSourcesBuildPhase section */
		B077AAC32958A92F00CF336F /* Sources */ = {
			isa = PBXSourcesBuildPhase;
			buildActionMask = 2147483647;
			files = (
				B077AAED295970C200CF336F /* NoteViewController.swift in Sources */,
				B077AAF12959B5D900CF336F /* NoteModel.swift in Sources */,
				B077AACF2958A92F00CF336F /* SplashViewController.swift in Sources */,
				B077AAEF295978FE00CF336F /* NoteView.swift in Sources */,
				B077AAE82958BB7500CF336F /* LocalState.swift in Sources */,
				B077AACB2958A92F00CF336F /* AppDelegate.swift in Sources */,
				B077AAEA2958C88700CF336F /* NoticesCell.swift in Sources */,
				B077AAE52958B7A500CF336F /* NoticesViewController.swift in Sources */,
				B077AAE32958AD6100CF336F /* SplashView.swift in Sources */,
				B077AAF32959CA9B00CF336F /* NotesData.swift in Sources */,
			);
			runOnlyForDeploymentPostprocessing = 0;
		};
/* End PBXSourcesBuildPhase section */

/* Begin PBXVariantGroup section */
		B077AAD52958A93200CF336F /* LaunchScreen.storyboard */ = {
			isa = PBXVariantGroup;
			children = (
				B077AAD62958A93200CF336F /* Base */,
			);
			name = LaunchScreen.storyboard;
			sourceTree = "<group>";
		};
/* End PBXVariantGroup section */

/* Begin XCBuildConfiguration section */
		B077AAD92958A93200CF336F /* Debug */ = {
			isa = XCBuildConfiguration;
			buildSettings = {
				ALWAYS_SEARCH_USER_PATHS = NO;
				CLANG_ANALYZER_NONNULL = YES;
				CLANG_ANALYZER_NUMBER_OBJECT_CONVERSION = YES_AGGRESSIVE;
				CLANG_CXX_LANGUAGE_STANDARD = "gnu++17";
				CLANG_ENABLE_MODULES = YES;
				CLANG_ENABLE_OBJC_ARC = YES;
				CLANG_ENABLE_OBJC_WEAK = YES;
				CLANG_WARN_BLOCK_CAPTURE_AUTORELEASING = YES;
				CLANG_WARN_BOOL_CONVERSION = YES;
				CLANG_WARN_COMMA = YES;
				CLANG_WARN_CONSTANT_CONVERSION = YES;
				CLANG_WARN_DEPRECATED_OBJC_IMPLEMENTATIONS = YES;
				CLANG_WARN_DIRECT_OBJC_ISA_USAGE = YES_ERROR;
				CLANG_WARN_DOCUMENTATION_COMMENTS = YES;
				CLANG_WARN_EMPTY_BODY = YES;
				CLANG_WARN_ENUM_CONVERSION = YES;
				CLANG_WARN_INFINITE_RECURSION = YES;
				CLANG_WARN_INT_CONVERSION = YES;
				CLANG_WARN_NON_LITERAL_NULL_CONVERSION = YES;
				CLANG_WARN_OBJC_IMPLICIT_RETAIN_SELF = YES;
				CLANG_WARN_OBJC_LITERAL_CONVERSION = YES;
				CLANG_WARN_OBJC_ROOT_CLASS = YES_ERROR;
				CLANG_WARN_QUOTED_INCLUDE_IN_FRAMEWORK_HEADER = YES;
				CLANG_WARN_RANGE_LOOP_ANALYSIS = YES;
				CLANG_WARN_STRICT_PROTOTYPES = YES;
				CLANG_WARN_SUSPICIOUS_MOVE = YES;
				CLANG_WARN_UNGUARDED_AVAILABILITY = YES_AGGRESSIVE;
				CLANG_WARN_UNREACHABLE_CODE = YES;
				CLANG_WARN__DUPLICATE_METHOD_MATCH = YES;
				COPY_PHASE_STRIP = NO;
				DEBUG_INFORMATION_FORMAT = dwarf;
				ENABLE_STRICT_OBJC_MSGSEND = YES;
				ENABLE_TESTABILITY = YES;
				GCC_C_LANGUAGE_STANDARD = gnu11;
				GCC_DYNAMIC_NO_PIC = NO;
				GCC_NO_COMMON_BLOCKS = YES;
				GCC_OPTIMIZATION_LEVEL = 0;
				GCC_PREPROCESSOR_DEFINITIONS = (
					"DEBUG=1",
					"$(inherited)",
				);
				GCC_WARN_64_TO_32_BIT_CONVERSION = YES;
				GCC_WARN_ABOUT_RETURN_TYPE = YES_ERROR;
				GCC_WARN_UNDECLARED_SELECTOR = YES;
				GCC_WARN_UNINITIALIZED_AUTOS = YES_AGGRESSIVE;
				GCC_WARN_UNUSED_FUNCTION = YES;
				GCC_WARN_UNUSED_VARIABLE = YES;
				IPHONEOS_DEPLOYMENT_TARGET = 15.4;
				MTL_ENABLE_DEBUG_INFO = INCLUDE_SOURCE;
				MTL_FAST_MATH = YES;
				ONLY_ACTIVE_ARCH = YES;
				SDKROOT = iphoneos;
				SWIFT_ACTIVE_COMPILATION_CONDITIONS = DEBUG;
				SWIFT_OPTIMIZATION_LEVEL = "-Onone";
			};
			name = Debug;
		};
		B077AADA2958A93200CF336F /* Release */ = {
			isa = XCBuildConfiguration;
			buildSettings = {
				ALWAYS_SEARCH_USER_PATHS = NO;
				CLANG_ANALYZER_NONNULL = YES;
				CLANG_ANALYZER_NUMBER_OBJECT_CONVERSION = YES_AGGRESSIVE;
				CLANG_CXX_LANGUAGE_STANDARD = "gnu++17";
				CLANG_ENABLE_MODULES = YES;
				CLANG_ENABLE_OBJC_ARC = YES;
				CLANG_ENABLE_OBJC_WEAK = YES;
				CLANG_WARN_BLOCK_CAPTURE_AUTORELEASING = YES;
				CLANG_WARN_BOOL_CONVERSION = YES;
				CLANG_WARN_COMMA = YES;
				CLANG_WARN_CONSTANT_CONVERSION = YES;
				CLANG_WARN_DEPRECATED_OBJC_IMPLEMENTATIONS = YES;
				CLANG_WARN_DIRECT_OBJC_ISA_USAGE = YES_ERROR;
				CLANG_WARN_DOCUMENTATION_COMMENTS = YES;
				CLANG_WARN_EMPTY_BODY = YES;
				CLANG_WARN_ENUM_CONVERSION = YES;
				CLANG_WARN_INFINITE_RECURSION = YES;
				CLANG_WARN_INT_CONVERSION = YES;
				CLANG_WARN_NON_LITERAL_NULL_CONVERSION = YES;
				CLANG_WARN_OBJC_IMPLICIT_RETAIN_SELF = YES;
				CLANG_WARN_OBJC_LITERAL_CONVERSION = YES;
				CLANG_WARN_OBJC_ROOT_CLASS = YES_ERROR;
				CLANG_WARN_QUOTED_INCLUDE_IN_FRAMEWORK_HEADER = YES;
				CLANG_WARN_RANGE_LOOP_ANALYSIS = YES;
				CLANG_WARN_STRICT_PROTOTYPES = YES;
				CLANG_WARN_SUSPICIOUS_MOVE = YES;
				CLANG_WARN_UNGUARDED_AVAILABILITY = YES_AGGRESSIVE;
				CLANG_WARN_UNREACHABLE_CODE = YES;
				CLANG_WARN__DUPLICATE_METHOD_MATCH = YES;
				COPY_PHASE_STRIP = NO;
				DEBUG_INFORMATION_FORMAT = "dwarf-with-dsym";
				ENABLE_NS_ASSERTIONS = NO;
				ENABLE_STRICT_OBJC_MSGSEND = YES;
				GCC_C_LANGUAGE_STANDARD = gnu11;
				GCC_NO_COMMON_BLOCKS = YES;
				GCC_WARN_64_TO_32_BIT_CONVERSION = YES;
				GCC_WARN_ABOUT_RETURN_TYPE = YES_ERROR;
				GCC_WARN_UNDECLARED_SELECTOR = YES;
				GCC_WARN_UNINITIALIZED_AUTOS = YES_AGGRESSIVE;
				GCC_WARN_UNUSED_FUNCTION = YES;
				GCC_WARN_UNUSED_VARIABLE = YES;
				IPHONEOS_DEPLOYMENT_TARGET = 15.4;
				MTL_ENABLE_DEBUG_INFO = NO;
				MTL_FAST_MATH = YES;
				SDKROOT = iphoneos;
				SWIFT_COMPILATION_MODE = wholemodule;
				SWIFT_OPTIMIZATION_LEVEL = "-O";
				VALIDATE_PRODUCT = YES;
			};
			name = Release;
		};
		B077AADC2958A93200CF336F /* Debug */ = {
			isa = XCBuildConfiguration;
			buildSettings = {
				ASSETCATALOG_COMPILER_APPICON_NAME = AppIcon;
				ASSETCATALOG_COMPILER_GLOBAL_ACCENT_COLOR_NAME = AccentColor;
				CODE_SIGN_STYLE = Automatic;
				CURRENT_PROJECT_VERSION = 1;
				DEVELOPMENT_TEAM = 6HVH2XY748;
				GENERATE_INFOPLIST_FILE = YES;
				INFOPLIST_FILE = NoticeAppRoadToDev/Info.plist;
				INFOPLIST_KEY_UIApplicationSupportsIndirectInputEvents = YES;
				INFOPLIST_KEY_UILaunchStoryboardName = LaunchScreen;
				INFOPLIST_KEY_UISupportedInterfaceOrientations_iPad = "UIInterfaceOrientationPortrait UIInterfaceOrientationPortraitUpsideDown UIInterfaceOrientationLandscapeLeft UIInterfaceOrientationLandscapeRight";
				INFOPLIST_KEY_UISupportedInterfaceOrientations_iPhone = "UIInterfaceOrientationPortrait UIInterfaceOrientationLandscapeLeft UIInterfaceOrientationLandscapeRight";
				LD_RUNPATH_SEARCH_PATHS = (
					"$(inherited)",
					"@executable_path/Frameworks",
				);
				MARKETING_VERSION = 1.0;
				PRODUCT_BUNDLE_IDENTIFIER = iamkabulov.NoticeAppRoadToDev;
				PRODUCT_NAME = "$(TARGET_NAME)";
				SWIFT_EMIT_LOC_STRINGS = YES;
				SWIFT_VERSION = 5.0;
				TARGETED_DEVICE_FAMILY = "1,2";
			};
			name = Debug;
		};
		B077AADD2958A93200CF336F /* Release */ = {
			isa = XCBuildConfiguration;
			buildSettings = {
				ASSETCATALOG_COMPILER_APPICON_NAME = AppIcon;
				ASSETCATALOG_COMPILER_GLOBAL_ACCENT_COLOR_NAME = AccentColor;
				CODE_SIGN_STYLE = Automatic;
				CURRENT_PROJECT_VERSION = 1;
				DEVELOPMENT_TEAM = 6HVH2XY748;
				GENERATE_INFOPLIST_FILE = YES;
				INFOPLIST_FILE = NoticeAppRoadToDev/Info.plist;
				INFOPLIST_KEY_UIApplicationSupportsIndirectInputEvents = YES;
				INFOPLIST_KEY_UILaunchStoryboardName = LaunchScreen;
				INFOPLIST_KEY_UISupportedInterfaceOrientations_iPad = "UIInterfaceOrientationPortrait UIInterfaceOrientationPortraitUpsideDown UIInterfaceOrientationLandscapeLeft UIInterfaceOrientationLandscapeRight";
				INFOPLIST_KEY_UISupportedInterfaceOrientations_iPhone = "UIInterfaceOrientationPortrait UIInterfaceOrientationLandscapeLeft UIInterfaceOrientationLandscapeRight";
				LD_RUNPATH_SEARCH_PATHS = (
					"$(inherited)",
					"@executable_path/Frameworks",
				);
				MARKETING_VERSION = 1.0;
				PRODUCT_BUNDLE_IDENTIFIER = iamkabulov.NoticeAppRoadToDev;
				PRODUCT_NAME = "$(TARGET_NAME)";
				SWIFT_EMIT_LOC_STRINGS = YES;
				SWIFT_VERSION = 5.0;
				TARGETED_DEVICE_FAMILY = "1,2";
			};
			name = Release;
		};
/* End XCBuildConfiguration section */

/* Begin XCConfigurationList section */
		B077AAC22958A92F00CF336F /* Build configuration list for PBXProject "NoticeAppRoadToDev" */ = {
			isa = XCConfigurationList;
			buildConfigurations = (
				B077AAD92958A93200CF336F /* Debug */,
				B077AADA2958A93200CF336F /* Release */,
			);
			defaultConfigurationIsVisible = 0;
			defaultConfigurationName = Release;
		};
		B077AADB2958A93200CF336F /* Build configuration list for PBXNativeTarget "NoticeAppRoadToDev" */ = {
			isa = XCConfigurationList;
			buildConfigurations = (
				B077AADC2958A93200CF336F /* Debug */,
				B077AADD2958A93200CF336F /* Release */,
			);
			defaultConfigurationIsVisible = 0;
			defaultConfigurationName = Release;
		};
/* End XCConfigurationList section */
	};
	rootObject = B077AABF2958A92F00CF336F /* Project object */;
}
